# This file is generated by running "yarn install" inside your project.
# Manual changes might be lost - proceed with caution!

__metadata:
  version: 5
  cacheKey: 8

"@fastify/ajv-compiler@npm:^1.0.0":
  version: 1.1.0
  resolution: "@fastify/ajv-compiler@npm:1.1.0"
  dependencies:
    ajv: ^6.12.6
  checksum: b8a2522ead00a01ab7ff2921f00aa8e4aeb943949191ce2a617c88e4679db1358a70e4099791828a397a50e5d6f6bd75184ad0ac75a12dffeb9df4c089986a32
  languageName: node
  linkType: hard

"@lewisl9029/fastify-h2c-test@workspace:.":
  version: 0.0.0-use.local
  resolution: "@lewisl9029/fastify-h2c-test@workspace:."
  dependencies:
    fastify: ^3.24.1
  languageName: unknown
  linkType: soft

"abstract-logging@npm:^2.0.0":
  version: 2.0.1
  resolution: "abstract-logging@npm:2.0.1"
  checksum: 6967d15e5abbafd17f56eaf30ba8278c99333586fa4f7935fd80e93cfdc006c37fcc819c5d63ee373a12e6cb2d0417f7c3c6b9e42b957a25af9937d26749415e
  languageName: node
  linkType: hard

"ajv@npm:^6.11.0, ajv@npm:^6.12.6":
  version: 6.12.6
  resolution: "ajv@npm:6.12.6"
  dependencies:
    fast-deep-equal: ^3.1.1
    fast-json-stable-stringify: ^2.0.0
    json-schema-traverse: ^0.4.1
    uri-js: ^4.2.2
  checksum: 874972efe5c4202ab0a68379481fbd3d1b5d0a7bd6d3cc21d40d3536ebff3352a2a1fabb632d4fd2cc7fe4cbdcd5ed6782084c9bbf7f32a1536d18f9da5007d4
  languageName: node
  linkType: hard

"ajv@npm:^8.1.0":
  version: 8.8.2
  resolution: "ajv@npm:8.8.2"
  dependencies:
    fast-deep-equal: ^3.1.1
    json-schema-traverse: ^1.0.0
    require-from-string: ^2.0.2
    uri-js: ^4.2.2
  checksum: 90849ef03c4f4f7051d15f655120137b89e3205537d683beebd39d95f40c0ca00ea8476cd999602d2f433863e7e4bf1b81d1869d1e07f4dcf56d71b6430a605c
  languageName: node
  linkType: hard

"archy@npm:^1.0.0":
  version: 1.0.0
  resolution: "archy@npm:1.0.0"
  checksum: 504ae7af655130bab9f471343cfdb054feaec7d8e300e13348bc9fe9e660f83d422e473069584f73233c701ae37d1c8452ff2522f2a20c38849e0f406f1732ac
  languageName: node
  linkType: hard

"atomic-sleep@npm:^1.0.0":
  version: 1.0.0
  resolution: "atomic-sleep@npm:1.0.0"
  checksum: b95275afb2f80732f22f43a60178430c468906a415a7ff18bcd0feeebc8eec3930b51250aeda91a476062a90e07132b43a1794e8d8ffcf9b650e8139be75fa36
  languageName: node
  linkType: hard

"avvio@npm:^7.1.2":
  version: 7.2.2
  resolution: "avvio@npm:7.2.2"
  dependencies:
    archy: ^1.0.0
    debug: ^4.0.0
    fastq: ^1.6.1
    queue-microtask: ^1.1.2
  checksum: ece793dd148dbb50e24f40dacf4852b804405fc1cd34ce794659ffc020c6de41695d87999edc0bb2573c802eaa7766493859dbc432d5dc0079381f318c2705a1
  languageName: node
  linkType: hard

"cookie@npm:^0.4.0":
  version: 0.4.1
  resolution: "cookie@npm:0.4.1"
  checksum: bd7c47f5d94ab70ccdfe8210cde7d725880d2fcda06d8e375afbdd82de0c8d3b73541996e9ce57d35f67f672c4ee6d60208adec06b3c5fc94cebb85196084cf8
  languageName: node
  linkType: hard

"debug@npm:^4.0.0":
  version: 4.3.3
  resolution: "debug@npm:4.3.3"
  dependencies:
    ms: 2.1.2
  peerDependenciesMeta:
    supports-color:
      optional: true
  checksum: 14472d56fe4a94dbcfaa6dbed2dd3849f1d72ba78104a1a328047bb564643ca49df0224c3a17fa63533fd11dd3d4c8636cd861191232a2c6735af00cc2d4de16
  languageName: node
  linkType: hard

"deepmerge@npm:^4.2.2":
  version: 4.2.2
  resolution: "deepmerge@npm:4.2.2"
  checksum: a8c43a1ed8d6d1ed2b5bf569fa4c8eb9f0924034baf75d5d406e47e157a451075c4db353efea7b6bcc56ec48116a8ce72fccf867b6e078e7c561904b5897530b
  languageName: node
  linkType: hard

"fast-decode-uri-component@npm:^1.0.1":
  version: 1.0.1
  resolution: "fast-decode-uri-component@npm:1.0.1"
  checksum: 427a48fe0907e76f0e9a2c228e253b4d8a8ab21d130ee9e4bb8339c5ba4086235cf9576831f7b20955a752eae4b525a177ff9d5825dd8d416e7726939194fbee
  languageName: node
  linkType: hard

"fast-deep-equal@npm:^3.1.1, fast-deep-equal@npm:^3.1.3":
  version: 3.1.3
  resolution: "fast-deep-equal@npm:3.1.3"
  checksum: e21a9d8d84f53493b6aa15efc9cfd53dd5b714a1f23f67fb5dc8f574af80df889b3bce25dc081887c6d25457cce704e636395333abad896ccdec03abaf1f3f9d
  languageName: node
  linkType: hard

"fast-json-stable-stringify@npm:^2.0.0":
  version: 2.1.0
  resolution: "fast-json-stable-stringify@npm:2.1.0"
  checksum: b191531e36c607977e5b1c47811158733c34ccb3bfde92c44798929e9b4154884378536d26ad90dfecd32e1ffc09c545d23535ad91b3161a27ddbb8ebe0cbecb
  languageName: node
  linkType: hard

"fast-json-stringify@npm:^2.5.2":
  version: 2.7.12
  resolution: "fast-json-stringify@npm:2.7.12"
  dependencies:
    ajv: ^6.11.0
    deepmerge: ^4.2.2
    rfdc: ^1.2.0
    string-similarity: ^4.0.1
  checksum: d091ae84f96d00dde090a6b48788a17e48f14888995ab105f018d14e8195eeecbf693a368051b51163d2dc909bac0d09facd7f73e81239cef951a6cc3640b22e
  languageName: node
  linkType: hard

"fast-redact@npm:^3.0.0":
  version: 3.0.2
  resolution: "fast-redact@npm:3.0.2"
  checksum: f4ffdf48f1647dbe0411884e5dca85ebef0762d1ce1937f6779beaea5c83ef7c35416d800b2bff60f1a252b670d1707f9484c9a5d0ef721e68f3dae94b420fa8
  languageName: node
  linkType: hard

"fast-safe-stringify@npm:^2.0.8":
  version: 2.1.1
  resolution: "fast-safe-stringify@npm:2.1.1"
  checksum: a851cbddc451745662f8f00ddb622d6766f9bd97642dabfd9a405fb0d646d69fc0b9a1243cbf67f5f18a39f40f6fa821737651ff1bceeba06c9992ca2dc5bd3d
  languageName: node
  linkType: hard

"fastify-error@npm:^0.3.0":
  version: 0.3.1
  resolution: "fastify-error@npm:0.3.1"
  checksum: fd6a0f6f87b5e4ab59a4d3d66124bd13830a1cf85cf1987259dfb1175fc6a4bcae68b076ad78f6bb06654f72af133b44813090e9ce5502d2ef56ddcb2b0fa867
  languageName: node
  linkType: hard

"fastify-warning@npm:^0.2.0":
  version: 0.2.0
  resolution: "fastify-warning@npm:0.2.0"
  checksum: c19ebccf54a3122877d2248400772ca98bacbabdf97826211ede29246c640d47431a2eebed1f52f9421139ed5e52e42d3bd4aefc46e27b6f34add3507529fd97
  languageName: node
  linkType: hard

"fastify@npm:^3.24.1":
  version: 3.24.1
  resolution: "fastify@npm:3.24.1"
  dependencies:
    "@fastify/ajv-compiler": ^1.0.0
    abstract-logging: ^2.0.0
    avvio: ^7.1.2
    fast-json-stringify: ^2.5.2
    fastify-error: ^0.3.0
    fastify-warning: ^0.2.0
    find-my-way: ^4.1.0
    flatstr: ^1.0.12
    light-my-request: ^4.2.0
    pino: ^6.13.0
    proxy-addr: ^2.0.7
    rfdc: ^1.1.4
    secure-json-parse: ^2.0.0
    semver: ^7.3.2
    tiny-lru: ^7.0.0
  checksum: d73cd0398989d51df53c892ce5eac3a9e2c194aff7df8b557e8efa95093afca3cf7c9b9cc926249554272d94ff764722272ee0d37dd3f858b728106612a83fe7
  languageName: node
  linkType: hard

"fastq@npm:^1.6.1":
  version: 1.13.0
  resolution: "fastq@npm:1.13.0"
  dependencies:
    reusify: ^1.0.4
  checksum: 32cf15c29afe622af187d12fc9cd93e160a0cb7c31a3bb6ace86b7dea3b28e7b72acde89c882663f307b2184e14782c6c664fa315973c03626c7d4bff070bb0b
  languageName: node
  linkType: hard

"find-my-way@npm:^4.1.0":
  version: 4.4.0
  resolution: "find-my-way@npm:4.4.0"
  dependencies:
    fast-decode-uri-component: ^1.0.1
    fast-deep-equal: ^3.1.3
    safe-regex2: ^2.0.0
    semver-store: ^0.3.0
  checksum: ec09b9af8f88b8bd0d0dc456be16e2db997dae8ed9d9a1989abd025e4f87f0e8acb0aaf228061f093e22c2b0f14cf43417300a7d32640eb908445b683b3541c6
  languageName: node
  linkType: hard

"flatstr@npm:^1.0.12":
  version: 1.0.12
  resolution: "flatstr@npm:1.0.12"
  checksum: e1bb562c94b119e958bf37e55738b172b5f8aaae6532b9660ecd877779f8559dbbc89613ba6b29ccc13447e14c59277d41450f785cf75c30df9fce62f459e9a8
  languageName: node
  linkType: hard

"forwarded@npm:0.2.0":
  version: 0.2.0
  resolution: "forwarded@npm:0.2.0"
  checksum: fd27e2394d8887ebd16a66ffc889dc983fbbd797d5d3f01087c020283c0f019a7d05ee85669383d8e0d216b116d720fc0cef2f6e9b7eb9f4c90c6e0bc7fd28e6
  languageName: node
  linkType: hard

"ipaddr.js@npm:1.9.1":
  version: 1.9.1
  resolution: "ipaddr.js@npm:1.9.1"
  checksum: f88d3825981486f5a1942414c8d77dd6674dd71c065adcfa46f578d677edcb99fda25af42675cb59db492fdf427b34a5abfcde3982da11a8fd83a500b41cfe77
  languageName: node
  linkType: hard

"json-schema-traverse@npm:^0.4.1":
  version: 0.4.1
  resolution: "json-schema-traverse@npm:0.4.1"
  checksum: 7486074d3ba247769fda17d5181b345c9fb7d12e0da98b22d1d71a5db9698d8b4bd900a3ec1a4ffdd60846fc2556274a5c894d0c48795f14cb03aeae7b55260b
  languageName: node
  linkType: hard

"json-schema-traverse@npm:^1.0.0":
  version: 1.0.0
  resolution: "json-schema-traverse@npm:1.0.0"
  checksum: 02f2f466cdb0362558b2f1fd5e15cce82ef55d60cd7f8fa828cf35ba74330f8d767fcae5c5c2adb7851fa811766c694b9405810879bc4e1ddd78a7c0e03658ad
  languageName: node
  linkType: hard

"light-my-request@npm:^4.2.0":
  version: 4.7.0
  resolution: "light-my-request@npm:4.7.0"
  dependencies:
    ajv: ^8.1.0
    cookie: ^0.4.0
    fastify-warning: ^0.2.0
    set-cookie-parser: ^2.4.1
  checksum: f49c364fe9a7f56c3f6f284bf7856f77ee9e27da1124573a3104955d0bd5c7a9269ca7472efe7d192d247ea5f137a2ba3fed05a3a70b2febc079eb8701a240db
  languageName: node
  linkType: hard

"lru-cache@npm:^6.0.0":
  version: 6.0.0
  resolution: "lru-cache@npm:6.0.0"
  dependencies:
    yallist: ^4.0.0
  checksum: f97f499f898f23e4585742138a22f22526254fdba6d75d41a1c2526b3b6cc5747ef59c5612ba7375f42aca4f8461950e925ba08c991ead0651b4918b7c978297
  languageName: node
  linkType: hard

"ms@npm:2.1.2":
  version: 2.1.2
  resolution: "ms@npm:2.1.2"
  checksum: 673cdb2c3133eb050c745908d8ce632ed2c02d85640e2edb3ace856a2266a813b30c613569bf3354fdf4ea7d1a1494add3bfa95e2713baa27d0c2c71fc44f58f
  languageName: node
  linkType: hard

"pino-std-serializers@npm:^3.1.0":
  version: 3.2.0
  resolution: "pino-std-serializers@npm:3.2.0"
  checksum: 77e29675b116e42ae9fe6d4ef52ef3a082ffc54922b122d85935f93ddcc20277f0b0c873c5c6c5274a67b0409c672aaae3de6bcea10a2d84699718dda55ba95b
  languageName: node
  linkType: hard

"pino@npm:^6.13.0":
  version: 6.13.3
  resolution: "pino@npm:6.13.3"
  dependencies:
    fast-redact: ^3.0.0
    fast-safe-stringify: ^2.0.8
    fastify-warning: ^0.2.0
    flatstr: ^1.0.12
    pino-std-serializers: ^3.1.0
    quick-format-unescaped: ^4.0.3
    sonic-boom: ^1.0.2
  bin:
    pino: bin.js
  checksum: a580decd47a1c8b32a846ba1cb478087b523636d697bd4c57833d10b3f2b35c7d06739715ad9a291b41caf002b8d1bbf98674bfb3e99989fd41b7d934cca861c
  languageName: node
  linkType: hard

"proxy-addr@npm:^2.0.7":
  version: 2.0.7
  resolution: "proxy-addr@npm:2.0.7"
  dependencies:
    forwarded: 0.2.0
    ipaddr.js: 1.9.1
  checksum: 29c6990ce9364648255454842f06f8c46fcd124d3e6d7c5066df44662de63cdc0bad032e9bf5a3d653ff72141cc7b6019873d685708ac8210c30458ad99f2b74
  languageName: node
  linkType: hard

"punycode@npm:^2.1.0":
  version: 2.1.1
  resolution: "punycode@npm:2.1.1"
  checksum: 823bf443c6dd14f669984dea25757b37993f67e8d94698996064035edd43bed8a5a17a9f12e439c2b35df1078c6bec05a6c86e336209eb1061e8025c481168e8
  languageName: node
  linkType: hard

"queue-microtask@npm:^1.1.2":
  version: 1.2.3
  resolution: "queue-microtask@npm:1.2.3"
  checksum: b676f8c040cdc5b12723ad2f91414d267605b26419d5c821ff03befa817ddd10e238d22b25d604920340fd73efd8ba795465a0377c4adf45a4a41e4234e42dc4
  languageName: node
  linkType: hard

"quick-format-unescaped@npm:^4.0.3":
  version: 4.0.4
  resolution: "quick-format-unescaped@npm:4.0.4"
  checksum: 7bc32b99354a1aa46c089d2a82b63489961002bb1d654cee3e6d2d8778197b68c2d854fd23d8422436ee1fdfd0abaddc4d4da120afe700ade68bd357815b26fd
  languageName: node
  linkType: hard

"require-from-string@npm:^2.0.2":
  version: 2.0.2
  resolution: "require-from-string@npm:2.0.2"
  checksum: a03ef6895445f33a4015300c426699bc66b2b044ba7b670aa238610381b56d3f07c686251740d575e22f4c87531ba662d06937508f0f3c0f1ddc04db3130560b
  languageName: node
  linkType: hard

"ret@npm:~0.2.0":
  version: 0.2.2
  resolution: "ret@npm:0.2.2"
  checksum: 774964bb413a3525e687bca92d81c1cd75555ec33147c32ecca22f3d06409e35df87952cfe3d57afff7650a0f7e42139cf60cb44e94c29dde390243bc1941f16
  languageName: node
  linkType: hard

"reusify@npm:^1.0.4":
  version: 1.0.4
  resolution: "reusify@npm:1.0.4"
  checksum: c3076ebcc22a6bc252cb0b9c77561795256c22b757f40c0d8110b1300723f15ec0fc8685e8d4ea6d7666f36c79ccc793b1939c748bf36f18f542744a4e379fcc
  languageName: node
  linkType: hard

"rfdc@npm:^1.1.4, rfdc@npm:^1.2.0":
  version: 1.3.0
  resolution: "rfdc@npm:1.3.0"
  checksum: fb2ba8512e43519983b4c61bd3fa77c0f410eff6bae68b08614437bc3f35f91362215f7b4a73cbda6f67330b5746ce07db5dd9850ad3edc91271ad6deea0df32
  languageName: node
  linkType: hard

"safe-regex2@npm:^2.0.0":
  version: 2.0.0
  resolution: "safe-regex2@npm:2.0.0"
  dependencies:
    ret: ~0.2.0
  checksum: f5e182fca040dedd50ae052ea0eb035d9903b2db71243d5d8b43299735857288ef2ab52546a368d9c6fd1333b2a0d039297925e78ffc14845354f3f6158af7c2
  languageName: node
  linkType: hard

"secure-json-parse@npm:^2.0.0":
  version: 2.4.0
  resolution: "secure-json-parse@npm:2.4.0"
  checksum: efaafcaa08a4646ca829b29168474f57fb289a0ca7a1d77b66b55a0292785bc6eb9143b21cfc50b37dd12a823c25b12aa1771f18314ed5a616a1f8f12a318533
  languageName: node
  linkType: hard

"semver-store@npm:^0.3.0":
  version: 0.3.0
  resolution: "semver-store@npm:0.3.0"
  checksum: b38f747123e850191526a912657c653c7e5963d164a8daf99e52aa30bc8c5bdac176dc6dab714e17a1a8489ac138c18ff7161b1961f1882888bce637990442dd
  languageName: node
  linkType: hard

"semver@npm:^7.3.2":
  version: 7.3.5
  resolution: "semver@npm:7.3.5"
  dependencies:
    lru-cache: ^6.0.0
  bin:
    semver: bin/semver.js
  checksum: 5eafe6102bea2a7439897c1856362e31cc348ccf96efd455c8b5bc2c61e6f7e7b8250dc26b8828c1d76a56f818a7ee907a36ae9fb37a599d3d24609207001d60
  languageName: node
  linkType: hard

"set-cookie-parser@npm:^2.4.1":
  version: 2.4.8
  resolution: "set-cookie-parser@npm:2.4.8"
  checksum: e15b5df9a56ab06d4895286033a6aff7b318ad024310df058b5821b3539cc06f716ef529618cac0dd78df40e37830de715f388c0f97f84062dd9be2326efcd0c
  languageName: node
  linkType: hard

"sonic-boom@npm:^1.0.2":
  version: 1.4.1
  resolution: "sonic-boom@npm:1.4.1"
  dependencies:
    atomic-sleep: ^1.0.0
    flatstr: ^1.0.12
  checksum: 189fa8fe5c2dc05d3513fc1a4926a2f16f132fa6fa0b511745a436010cdcd9c1d3b3cb6a9d7c05bd32a965dc77673a5ac0eb0992e920bdedd16330d95323124f
  languageName: node
  linkType: hard

"string-similarity@npm:^4.0.1":
  version: 4.0.4
  resolution: "string-similarity@npm:4.0.4"
  checksum: 797b41b24e1eb6b3b0ab896950b58c295a19a82933479c75f7b5279ffb63e0b456a8c8d10329c02f607ca1a50370e961e83d552aa468ff3b0fa15809abc9eff7
  languageName: node
  linkType: hard

"tiny-lru@npm:^7.0.0":
  version: 7.0.6
  resolution: "tiny-lru@npm:7.0.6"
  checksum: 36a786a9111a3a358a698c9404783ad3f5396f6ed891672ffa4cd7dec4617abb8dfed6af7611bbaf8a3942a9475534c8b80f9bd58d7efa9aa594f395c9805f09
  languageName: node
  linkType: hard

"uri-js@npm:^4.2.2":
  version: 4.4.1
  resolution: "uri-js@npm:4.4.1"
  dependencies:
    punycode: ^2.1.0
  checksum: 7167432de6817fe8e9e0c9684f1d2de2bb688c94388f7569f7dbdb1587c9f4ca2a77962f134ec90be0cc4d004c939ff0d05acc9f34a0db39a3c797dada262633
  languageName: node
  linkType: hard

"yallist@npm:^4.0.0":
  version: 4.0.0
  resolution: "yallist@npm:4.0.0"
  checksum: 343617202af32df2a15a3be36a5a8c0c8545208f3d3dfbc6bb7c3e3b7e8c6f8e7485432e4f3b88da3031a6e20afa7c711eded32ddfb122896ac5d914e75848d5
  languageName: node
  linkType: hard
